
Microsoft Visual Studio Solution File, Format Version 12.00
# Visual Studio Version 16
VisualStudioVersion = 16.0.31229.75
MinimumVisualStudioVersion = 10.0.40219.1
Project("{8BC9CEB8-8B4A-11D0-8D11-00A0C91BC942}") = "CS1d-final1", "CS1d-final1\CS1d-final1.vcxproj", "{0284117F-959A-44CA-8A8C-E583C22DC782}"
EndProject
Global
	GlobalSection(SolutionConfigurationPlatforms) = preSolution
		Debug|x64 = Debug|x64
		Debug|x86 = Debug|x86
		Release|x64 = Release|x64
		Release|x86 = Release|x86
	EndGlobalSection
	GlobalSection(ProjectConfigurationPlatforms) = postSolution
		{0284117F-959A-44CA-8A8C-E583C22DC782}.Debug|x64.ActiveCfg = Debug|x64
		{0284117F-959A-44CA-8A8C-E583C22DC782}.Debug|x64.Build.0 = Debug|x64
		{0284117F-959A-44CA-8A8C-E583C22DC782}.Debug|x86.ActiveCfg = Debug|Win32
		{0284117F-959A-44CA-8A8C-E583C22DC782}.Debug|x86.Build.0 = Debug|Win32
		{0284117F-959A-44CA-8A8C-E583C22DC782}.Release|x64.ActiveCfg = Release|x64
		{0284117F-959A-44CA-8A8C-E583C22DC782}.Release|x64.Build.0 = Release|x64
		{0284117F-959A-44CA-8A8C-E583C22DC782}.Release|x86.ActiveCfg = Release|Win32
		{0284117F-959A-44CA-8A8C-E583C22DC782}.Release|x86.Build.0 = Release|Win32
	EndGlobalSection
	GlobalSection(SolutionProperties) = preSolution
		HideSolutionNode = FALSE
	EndGlobalSection
	GlobalSection(ExtensibilityGlobals) = postSolution
		SolutionGuid = {E3D617D2-B8A3-43FB-8F01-377F227D479D}
	EndGlobalSection
EndGlobal
